{
    "name": "not-carcassonne",
    "version": "0.0.1",
    "lockfileVersion": 1,
    "requires": true,
    "dependencies": {
        "alea": {
            "version": "1.0.0",
            "resolved": "https://registry.npmjs.org/alea/-/alea-1.0.0.tgz",
            "integrity": "sha512-LSvpz/wLJWC6P19Eogz0IgysHgb46DKhHx4VfNWSCQua3usAYDpmrYxqqlqdy4Ozhd2ras2Km+zc26yBB36EaA=="
        }
    }
}
